
Microsoft Visual Studio Solution File, Format Version 12.00
# Visual Studio 15
VisualStudioVersion = 15.0.27004.2008
MinimumVisualStudioVersion = 10.0.40219.1
Project("{FAE04EC0-301F-11D3-BF4B-00C04F79EFBC}") = "TurboERP_DAL", "TurboERP_DAL\TurboERP_DAL.csproj", "{B7A217F0-3D9F-4714-8E0D-C1E55404CBBF}"
EndProject
Global
	GlobalSection(SolutionConfigurationPlatforms) = preSolution
		Debug|Any CPU = Debug|Any CPU
		Release|Any CPU = Release|Any CPU
	EndGlobalSection
	GlobalSection(ProjectConfigurationPlatforms) = postSolution
		{B7A217F0-3D9F-4714-8E0D-C1E55404CBBF}.Debug|Any CPU.ActiveCfg = Debug|Any CPU
		{B7A217F0-3D9F-4714-8E0D-C1E55404CBBF}.Debug|Any CPU.Build.0 = Debug|Any CPU
		{B7A217F0-3D9F-4714-8E0D-C1E55404CBBF}.Release|Any CPU.ActiveCfg = Release|Any CPU
		{B7A217F0-3D9F-4714-8E0D-C1E55404CBBF}.Release|Any CPU.Build.0 = Release|Any CPU
	EndGlobalSection
	GlobalSection(SolutionProperties) = preSolution
		HideSolutionNode = FALSE
	EndGlobalSection
	GlobalSection(ExtensibilityGlobals) = postSolution
		SolutionGuid = {CCF52F49-BB9C-4C74-8AAA-36EBB8191E44}
	EndGlobalSection
EndGlobal
